{
  "nodes": {
    "neovimeb": {
      "inputs": {
        "nixpkgs": "nixpkgs"
      },
      "locked": {
        "lastModified": 1687543904,
        "narHash": "sha256-ES6ccdFvNvKioiTtInYfHRmPelhWParY8M80Z09J37s=",
        "path": "/home/emmett/git/emmettbutler/nixos/nvimeb",
        "type": "path"
      },
      "original": {
        "path": "/home/emmett/git/emmettbutler/nixos/nvimeb",
        "type": "path"
      }
    },
    "nixpkgs": {
      "locked": {
        "lastModified": 1687376262,
        "narHash": "sha256-xtenf0Nc6So/5uaQqe8u3GVoAs/YdMUFsysPUuK8w1s=",
        "owner": "NixOS",
        "repo": "nixpkgs",
        "rev": "7859e9c101fabbd62551b8f4260124a6e2f01a46",
        "type": "github"
      },
      "original": {
        "id": "nixpkgs",
        "ref": "nixos-22.11",
        "type": "indirect"
      }
    },
    "nixpkgs-unstable": {
      "locked": {
        "lastModified": 1687412861,
        "narHash": "sha256-Z/g0wbL68C+mSGerYS2quv9FXQ1RRP082cAC0Bh4vcs=",
        "owner": "NixOS",
        "repo": "nixpkgs",
        "rev": "e603dc5f061ca1d8a19b3ede6a8cf9c9fcba6cdc",
        "type": "github"
      },
      "original": {
        "id": "nixpkgs",
        "ref": "nixos-unstable",
        "type": "indirect"
      }
    },
    "nixpkgs_2": {
      "locked": {
        "lastModified": 1687376262,
        "narHash": "sha256-xtenf0Nc6So/5uaQqe8u3GVoAs/YdMUFsysPUuK8w1s=",
        "owner": "NixOS",
        "repo": "nixpkgs",
        "rev": "7859e9c101fabbd62551b8f4260124a6e2f01a46",
        "type": "github"
      },
      "original": {
        "id": "nixpkgs",
        "ref": "nixos-22.11",
        "type": "indirect"
      }
    },
    "root": {
      "inputs": {
        "neovimeb": "neovimeb",
        "nixpkgs": "nixpkgs_2",
        "nixpkgs-unstable": "nixpkgs-unstable"
      }
    }
  },
  "root": "root",
  "version": 7
}
