{
  "nodes": {
    "neovimeb": {
      "inputs": {
        "nixpkgs": "nixpkgs"
      },
      "locked": {
        "lastModified": 1678839082,
        "narHash": "sha256-zVO6dHN9TwCbaOMlC7hxONGWnLRBVI2fsF7MYOw7Q+g=",
        "path": "/home/emmett/git/emmettbutler/nixos/nvimeb",
        "type": "path"
      },
      "original": {
        "path": "/home/emmett/git/emmettbutler/nixos/nvimeb",
        "type": "path"
      }
    },
    "nixpkgs": {
      "locked": {
        "lastModified": 1678703398,
        "narHash": "sha256-Y1mW3dBsoWLHpYm+UIHb5VZ7rx024NNHaF16oZBx++o=",
        "owner": "NixOS",
        "repo": "nixpkgs",
        "rev": "67f26c1cfc5d5783628231e776a81c1ade623e0b",
        "type": "github"
      },
      "original": {
        "id": "nixpkgs",
        "ref": "nixos-22.11",
        "type": "indirect"
      }
    },
    "nixpkgs-unstable": {
      "locked": {
        "lastModified": 1678654296,
        "narHash": "sha256-aVfw3ThpY7vkUeF1rFy10NAkpKDS2imj3IakrzT0Occ=",
        "owner": "NixOS",
        "repo": "nixpkgs",
        "rev": "5a1dc8acd977ff3dccd1328b7c4a6995429a656b",
        "type": "github"
      },
      "original": {
        "id": "nixpkgs",
        "ref": "nixos-unstable",
        "type": "indirect"
      }
    },
    "nixpkgs_2": {
      "locked": {
        "lastModified": 1678703398,
        "narHash": "sha256-Y1mW3dBsoWLHpYm+UIHb5VZ7rx024NNHaF16oZBx++o=",
        "owner": "NixOS",
        "repo": "nixpkgs",
        "rev": "67f26c1cfc5d5783628231e776a81c1ade623e0b",
        "type": "github"
      },
      "original": {
        "id": "nixpkgs",
        "ref": "nixos-22.11",
        "type": "indirect"
      }
    },
    "root": {
      "inputs": {
        "neovimeb": "neovimeb",
        "nixpkgs": "nixpkgs_2",
        "nixpkgs-unstable": "nixpkgs-unstable"
      }
    }
  },
  "root": "root",
  "version": 7
}
