{
  "nodes": {
    "nixpkgs": {
      "locked": {
        "lastModified": 1667142599,
        "narHash": "sha256-OLJxsg9VqfKjFkerOxWtNIkibsCvxsv5A8wNWO1MeWk=",
        "owner": "NixOS",
        "repo": "nixpkgs",
        "rev": "412b9917cea092f3d39f9cd5dead4effd5bc4053",
        "type": "github"
      },
      "original": {
        "id": "nixpkgs",
        "ref": "nixos-unstable",
        "type": "indirect"
      }
    },
    "root": {
      "inputs": {
        "nixpkgs": "nixpkgs"
      }
    }
  },
  "root": "root",
  "version": 7
}
