{
  "nodes": {
    "nixpkgs": {
      "locked": {
        "lastModified": 1683478192,
        "narHash": "sha256-7f7RR71w0jRABDgBwjq3vE1yY3nrVJyXk8hDzu5kl1E=",
        "owner": "NixOS",
        "repo": "nixpkgs",
        "rev": "c568239bcc990050b7aedadb7387832440ad8fb1",
        "type": "github"
      },
      "original": {
        "id": "nixpkgs",
        "ref": "nixos-22.11",
        "type": "indirect"
      }
    },
    "root": {
      "inputs": {
        "nixpkgs": "nixpkgs"
      }
    }
  },
  "root": "root",
  "version": 7
}
